
Microsoft Visual Studio Solution File, Format Version 12.00
# Visual Studio Version 17
VisualStudioVersion = 17.5.002.0
MinimumVisualStudioVersion = 10.0.40219.1
Project("{9A19103F-16F7-4668-BE54-9A1E7A4F7556}") = "RaceElementBrodcasting", "RaceElementBrodcasting.csproj", "{8D8426C2-606C-49A0-9F97-08F0913647D6}"
EndProject
Project("{FAE04EC0-301F-11D3-BF4B-00C04F79EFBC}") = "waveform", "..\waveform\waveform.csproj", "{AB710E59-CCB8-40EE-A0F5-9965822F50D1}"
EndProject
Project("{FAE04EC0-301F-11D3-BF4B-00C04F79EFBC}") = "RaceElementUtil", "..\RaceElementUtil\RaceElementUtil.csproj", "{7B48A70F-76A7-4116-B859-DF851DFABCF3}"
EndProject
Global
	GlobalSection(SolutionConfigurationPlatforms) = preSolution
		Debug|Any CPU = Debug|Any CPU
		Release|Any CPU = Release|Any CPU
	EndGlobalSection
	GlobalSection(ProjectConfigurationPlatforms) = postSolution
		{8D8426C2-606C-49A0-9F97-08F0913647D6}.Debug|Any CPU.ActiveCfg = Debug|Any CPU
		{8D8426C2-606C-49A0-9F97-08F0913647D6}.Debug|Any CPU.Build.0 = Debug|Any CPU
		{8D8426C2-606C-49A0-9F97-08F0913647D6}.Release|Any CPU.ActiveCfg = Release|Any CPU
		{8D8426C2-606C-49A0-9F97-08F0913647D6}.Release|Any CPU.Build.0 = Release|Any CPU
		{AB710E59-CCB8-40EE-A0F5-9965822F50D1}.Debug|Any CPU.ActiveCfg = Debug|Any CPU
		{AB710E59-CCB8-40EE-A0F5-9965822F50D1}.Debug|Any CPU.Build.0 = Debug|Any CPU
		{AB710E59-CCB8-40EE-A0F5-9965822F50D1}.Release|Any CPU.ActiveCfg = Release|Any CPU
		{AB710E59-CCB8-40EE-A0F5-9965822F50D1}.Release|Any CPU.Build.0 = Release|Any CPU
		{7B48A70F-76A7-4116-B859-DF851DFABCF3}.Debug|Any CPU.ActiveCfg = Debug|Any CPU
		{7B48A70F-76A7-4116-B859-DF851DFABCF3}.Debug|Any CPU.Build.0 = Debug|Any CPU
		{7B48A70F-76A7-4116-B859-DF851DFABCF3}.Release|Any CPU.ActiveCfg = Release|Any CPU
		{7B48A70F-76A7-4116-B859-DF851DFABCF3}.Release|Any CPU.Build.0 = Release|Any CPU
	EndGlobalSection
	GlobalSection(SolutionProperties) = preSolution
		HideSolutionNode = FALSE
	EndGlobalSection
	GlobalSection(ExtensibilityGlobals) = postSolution
		SolutionGuid = {8487BA3A-37BE-46C1-B8A6-1E83F0502762}
	EndGlobalSection
EndGlobal
